
Microsoft Visual Studio Solution File, Format Version 12.00
# Visual Studio 14
VisualStudioVersion = 14.0.25420.1
MinimumVisualStudioVersion = 10.0.40219.1
Project("{FAE04EC0-301F-11D3-BF4B-00C04F79EFBC}") = "距離轉換器(迴圈)", "ConsoleApplication1\距離轉換器(迴圈).csproj", "{D870AEF8-5BD3-45AB-8C34-049391832327}"
EndProject
Global
	GlobalSection(SolutionConfigurationPlatforms) = preSolution
		Debug|Any CPU = Debug|Any CPU
		Release|Any CPU = Release|Any CPU
	EndGlobalSection
	GlobalSection(ProjectConfigurationPlatforms) = postSolution
		{D870AEF8-5BD3-45AB-8C34-049391832327}.Debug|Any CPU.ActiveCfg = Debug|Any CPU
		{D870AEF8-5BD3-45AB-8C34-049391832327}.Debug|Any CPU.Build.0 = Debug|Any CPU
		{D870AEF8-5BD3-45AB-8C34-049391832327}.Release|Any CPU.ActiveCfg = Release|Any CPU
		{D870AEF8-5BD3-45AB-8C34-049391832327}.Release|Any CPU.Build.0 = Release|Any CPU
	EndGlobalSection
	GlobalSection(SolutionProperties) = preSolution
		HideSolutionNode = FALSE
	EndGlobalSection
EndGlobal
